
Microsoft Visual Studio Solution File, Format Version 12.00
# Visual Studio 2012
Project("{FAE04EC0-301F-11D3-BF4B-00C04F79EFBC}") = "IntelliCloud", "IntelliCloud\IntelliCloud.csproj", "{2A2CE00D-8BBA-445D-84CD-BFE3F2FE03D7}"
EndProject
Project("{FAE04EC0-301F-11D3-BF4B-00C04F79EFBC}") = "IntelliCloud.Business", "IntelliCloud.Business\IntelliCloud.Business.csproj", "{59A5B95E-1352-4B18-AAA4-71E1F334A2F5}"
EndProject
Project("{FAE04EC0-301F-11D3-BF4B-00C04F79EFBC}") = "IntelliCloud.Data", "IntelliCloud.Data\IntelliCloud.Data.csproj", "{FF97327B-0419-44F1-B71E-AB2086553EE2}"
EndProject
Global
	GlobalSection(SolutionConfigurationPlatforms) = preSolution
		Debug|Any CPU = Debug|Any CPU
		Release|Any CPU = Release|Any CPU
	EndGlobalSection
	GlobalSection(ProjectConfigurationPlatforms) = postSolution
		{2A2CE00D-8BBA-445D-84CD-BFE3F2FE03D7}.Debug|Any CPU.ActiveCfg = Debug|Any CPU
		{2A2CE00D-8BBA-445D-84CD-BFE3F2FE03D7}.Debug|Any CPU.Build.0 = Debug|Any CPU
		{2A2CE00D-8BBA-445D-84CD-BFE3F2FE03D7}.Release|Any CPU.ActiveCfg = Release|Any CPU
		{2A2CE00D-8BBA-445D-84CD-BFE3F2FE03D7}.Release|Any CPU.Build.0 = Release|Any CPU
		{59A5B95E-1352-4B18-AAA4-71E1F334A2F5}.Debug|Any CPU.ActiveCfg = Debug|Any CPU
		{59A5B95E-1352-4B18-AAA4-71E1F334A2F5}.Debug|Any CPU.Build.0 = Debug|Any CPU
		{59A5B95E-1352-4B18-AAA4-71E1F334A2F5}.Release|Any CPU.ActiveCfg = Release|Any CPU
		{59A5B95E-1352-4B18-AAA4-71E1F334A2F5}.Release|Any CPU.Build.0 = Release|Any CPU
		{FF97327B-0419-44F1-B71E-AB2086553EE2}.Debug|Any CPU.ActiveCfg = Debug|Any CPU
		{FF97327B-0419-44F1-B71E-AB2086553EE2}.Debug|Any CPU.Build.0 = Debug|Any CPU
		{FF97327B-0419-44F1-B71E-AB2086553EE2}.Release|Any CPU.ActiveCfg = Release|Any CPU
		{FF97327B-0419-44F1-B71E-AB2086553EE2}.Release|Any CPU.Build.0 = Release|Any CPU
	EndGlobalSection
	GlobalSection(SolutionProperties) = preSolution
		HideSolutionNode = FALSE
	EndGlobalSection
EndGlobal
